
Microsoft Visual Studio Solution File, Format Version 12.00
# Visual Studio 15
VisualStudioVersion = 15.0.27428.2037
MinimumVisualStudioVersion = 10.0.40219.1
Project("{FAE04EC0-301F-11D3-BF4B-00C04F79EFBC}") = "Client", "Kursach\Client.csproj", "{0723C049-8971-4DB2-BF1A-FAA4C0FEC7A1}"
EndProject
Project("{FAE04EC0-301F-11D3-BF4B-00C04F79EFBC}") = "Server", "Server\Server.csproj", "{C8ECDDA5-8659-4C24-8641-013FAD37732D}"
EndProject
Global
	GlobalSection(SolutionConfigurationPlatforms) = preSolution
		Debug|Any CPU = Debug|Any CPU
		Release|Any CPU = Release|Any CPU
	EndGlobalSection
	GlobalSection(ProjectConfigurationPlatforms) = postSolution
		{0723C049-8971-4DB2-BF1A-FAA4C0FEC7A1}.Debug|Any CPU.ActiveCfg = Debug|Any CPU
		{0723C049-8971-4DB2-BF1A-FAA4C0FEC7A1}.Debug|Any CPU.Build.0 = Debug|Any CPU
		{0723C049-8971-4DB2-BF1A-FAA4C0FEC7A1}.Release|Any CPU.ActiveCfg = Release|Any CPU
		{0723C049-8971-4DB2-BF1A-FAA4C0FEC7A1}.Release|Any CPU.Build.0 = Release|Any CPU
		{C8ECDDA5-8659-4C24-8641-013FAD37732D}.Debug|Any CPU.ActiveCfg = Debug|Any CPU
		{C8ECDDA5-8659-4C24-8641-013FAD37732D}.Debug|Any CPU.Build.0 = Debug|Any CPU
		{C8ECDDA5-8659-4C24-8641-013FAD37732D}.Release|Any CPU.ActiveCfg = Release|Any CPU
		{C8ECDDA5-8659-4C24-8641-013FAD37732D}.Release|Any CPU.Build.0 = Release|Any CPU
	EndGlobalSection
	GlobalSection(SolutionProperties) = preSolution
		HideSolutionNode = FALSE
	EndGlobalSection
	GlobalSection(ExtensibilityGlobals) = postSolution
		SolutionGuid = {842F33E1-5BB4-4307-BDAC-B4FA53175002}
	EndGlobalSection
EndGlobal
